hash: 7096e8ba7198eaf41bb3bc178093c14e153469498d198f76b77ddca438129602
updated: 2017-11-28T09:55:10.063590559-05:00
imports:
- name: github.com/cenkalti/hub
  version: 11382a9960d39b0ecda16fd01c424c11ff765a34
- name: github.com/cenkalti/rpc2
  version: c51a77e5f664b4a8a69bce4270d14204f94d51f9
  subpackages:
  - jsonrpc
- name: github.com/containernetworking/cni
  version: a2da8f8d7fd8e6dc25f336408a8ac86f050fbd88
  subpackages:
  - libcni
  - pkg/invoke
  - pkg/skel
  - pkg/types
  - pkg/types/020
  - pkg/types/current
  - pkg/version
- name: github.com/containernetworking/plugins
  version: e256564546e8d1ca8a36911f8445c11929043221
  subpackages:
  - pkg/ip
  - pkg/ipam
  - pkg/ns
  - pkg/utils/hwaddr
- name: github.com/coreos/go-iptables
  version: 259c8e6a4275d497442c721fa52204d7a58bde8b
  subpackages:
  - iptables
- name: github.com/j-keck/arping
  version: 2cf9dc699c5640a7e2c81403a44127bf28033600
- name: github.com/Sirupsen/logrus
  version: 89742aefa4b206dcf400792f3bd35b542998eb3b
- name: github.com/socketplane/libovsdb
  version: 4de3618546deba09d8875d719752db32bd4652c0
- name: github.com/vishvananda/netlink
  version: 6e453822d85ef5721799774b654d4d02fed62afb
  subpackages:
  - nl
- name: github.com/vishvananda/netns
  version: 54f0e4339ce73702a0607f49922aaa1e749b418d
- name: golang.org/x/crypto
  version: d172538b2cfce0c13cee31e647d0367aa8cd2486
  subpackages:
  - ssh/terminal
- name: golang.org/x/sys
  version: 076b546753157f758b316e59bcb51e6807c04057
  subpackages:
  - unix
testImports: []
