github.com/Sirupsen/logrus v0.0.0-20170822132746-89742aefa4b2 h1:k1A7eIeUk6rnX2yuagwljW/pDezkK8oSpvPumT9zdZY=
github.com/Sirupsen/logrus v0.0.0-20170822132746-89742aefa4b2/go.mod h1:rmk17hk6i8ZSAJkSDa7nOxamrG+SP4P0mm+DAvExv4U=
github.com/cenkalti/hub v0.0.0-20160527103212-11382a9960d3 h1:Q//UW48MUsv/GT4SZWdFbyBVKH1kAFkf+SnxZuy3Q30=
github.com/cenkalti/hub v0.0.0-20160527103212-11382a9960d3/go.mod h1:tcYwtS3a2d9NO/0xDXVJWx3IedurUjYCqFCmpi0lpHs=
github.com/cenkalti/rpc2 v0.0.0-20170726070524-c51a77e5f664 h1:GqbYbGcGyW6AwuNC+2VbhAePSnKvMhEgHB7Kot9weJU=
github.com/cenkalti/rpc2 v0.0.0-20170726070524-c51a77e5f664/go.mod h1:v2npkhrXyk5BCnkNIiPdRI23Uq6uWPUQGL2hnRcRr/M=
github.com/containernetworking/cni v0.6.0-rc1 h1:BQ2TcgoQbdbk5SLaUTY+N282hMhoI89QZd+9CIhvA84=
github.com/containernetworking/cni v0.6.0-rc1/go.mod h1:LGwApLUm2FpoOfxTDEeq8T9ipbpZ61X79hmU3w8FmsY=
github.com/containernetworking/plugins v0.0.0-20170913094114-e256564546e8 h1:eeYDa6T0ooi5214qNnY73+jEKBtmiu2w9y2aaawvf2A=
github.com/containernetworking/plugins v0.0.0-20170913094114-e256564546e8/go.mod h1:dagHaAhNjXjT9QYOklkKJDGaQPTg4pf//FrUcJeb7FU=
github.com/coreos/go-iptables v0.2.0 h1:RmVRALeVCicZcF3rF05e0ooU9x9TmalN0HcT4hkhG5s=
github.com/coreos/go-iptables v0.2.0/go.mod h1:/mVI274lEDI2ns62jHCDnCyBF9Iwsmekav8Dbxlm1MU=
github.com/j-keck/arping v0.0.0-20160618110441-2cf9dc699c56 h1:742eGXur0715JMq73aD95/FU0XpVKXqNuTnEfXsLOYQ=
github.com/j-keck/arping v0.0.0-20160618110441-2cf9dc699c56/go.mod h1:ymszkNOg6tORTn+6F6j+Jc8TOr5osrynvN6ivFWZ2GA=
github.com/socketplane/libovsdb v0.0.0-20170116174820-4de3618546de h1:GnHDjFfrcP4f24x+pc+3xjoJt2R87Of+gW869rS1S4o=
github.com/socketplane/libovsdb v0.0.0-20170116174820-4de3618546de/go.mod h1:wIN7DIpadYHC4aX3+I8xH72uWy71dw3YpTiHvQh3yHg=
github.com/vishvananda/netlink v0.0.0-20170630184320-6e453822d85e h1:6+lvKWxtgzPvWzAUiy4VybwR1hfMDfSigmPd5Pup5UE=
github.com/vishvananda/netlink v0.0.0-20170630184320-6e453822d85e/go.mod h1:+SR5DhBJrl6ZM7CoCKvpw5BKroDKQ+PJqOg65H/2ktk=
github.com/vishvananda/netns v0.0.0-20170219233438-54f0e4339ce7 h1:n630V+sEHbl2OrlWFxLoMoGPnUuniQ9eDvUaEmUdXaY=
github.com/vishvananda/netns v0.0.0-20170219233438-54f0e4339ce7/go.mod h1:ZjcWmFBXmLKZu9Nxj3WKYEafiSqer2rnvPr0en9UNpI=
golang.org/x/crypto v0.0.0-20161006174701-d172538b2cfc h1:DfGUWE6VaxsoTkTHNGspjXfDCOroOPdvTIuiYeYpC4o=
golang.org/x/crypto v0.0.0-20161006174701-d172538b2cfc/go.mod h1:6SG95UA2DQfeDnfUPMdvaQW0Q7yPrPDi9nlGo2tz2b4=
golang.org/x/sys v0.0.0-20160601133225-076b54675315 h1:QRqWoRaMECxessIuXmVVXWNmh95Vby+g1KADI3ZJuh8=
golang.org/x/sys v0.0.0-20160601133225-076b54675315/go.mod h1:STP8DvDyc/dI5b8T5hshtkjS+E42TnysNCUPdjciGhY=
