# This file is autogenerated, do not edit; changes may be undone by the next 'dep ensure'.


[[projects]]
  digest = "1:fb011abd58a582cf867409273f372fc6437eda670ff02055c47e6203e90466d7"
  name = "github.com/Sirupsen/logrus"
  packages = ["."]
  pruneopts = "UT"
  revision = "89742aefa4b206dcf400792f3bd35b542998eb3b"

[[projects]]
  branch = "master"
  digest = "1:be19aca2607a4fa38609e919bcbe01938dc835cd346cf354b7d18f5136c62371"
  name = "github.com/cenkalti/hub"
  packages = ["."]
  pruneopts = "UT"
  revision = "11382a9960d39b0ecda16fd01c424c11ff765a34"

[[projects]]
  branch = "master"
  digest = "1:c29dc72906b787e1919025028aadcc5b838db00ed14a97a9b6d4c245ee693caf"
  name = "github.com/cenkalti/rpc2"
  packages = [
    ".",
    "jsonrpc",
  ]
  pruneopts = "UT"
  revision = "c51a77e5f664b4a8a69bce4270d14204f94d51f9"

[[projects]]
  digest = "1:36f7c45919b24712f4969256c868b711b982605f2772a4c739da51a16533d17f"
  name = "github.com/containernetworking/cni"
  packages = [
    "pkg/invoke",
    "pkg/skel",
    "pkg/types",
    "pkg/types/020",
    "pkg/types/current",
    "pkg/version",
  ]
  pruneopts = "UT"
  revision = "a2da8f8d7fd8e6dc25f336408a8ac86f050fbd88"
  version = "v0.6.0-rc1"

[[projects]]
  digest = "1:ad53a2ff23c9d25c15d7744caa9dbba60c4efe01375921f50268d19111f4881a"
  name = "github.com/containernetworking/plugins"
  packages = [
    "pkg/ip",
    "pkg/ipam",
    "pkg/ns",
    "pkg/utils/hwaddr",
  ]
  pruneopts = "UT"
  revision = "e256564546e8d1ca8a36911f8445c11929043221"

[[projects]]
  digest = "1:df4af3a8e15cd72b068b8d898598001935edce4eac4eb5a3d7fd906036123ff4"
  name = "github.com/coreos/go-iptables"
  packages = ["iptables"]
  pruneopts = "UT"
  revision = "259c8e6a4275d497442c721fa52204d7a58bde8b"
  version = "v0.2.0"

[[projects]]
  branch = "master"
  digest = "1:4e546f0ce816dad2b5b8114adc7d02cb18e4b6d23d9d22e5a08af05a7b7d5d76"
  name = "github.com/j-keck/arping"
  packages = ["."]
  pruneopts = "UT"
  revision = "2cf9dc699c5640a7e2c81403a44127bf28033600"

[[projects]]
  branch = "master"
  digest = "1:9c17b5792c17ee189a2e7412c54c67a89b22961bae6a710264cc957ece7bb1be"
  name = "github.com/socketplane/libovsdb"
  packages = ["."]
  pruneopts = "UT"
  revision = "4de3618546deba09d8875d719752db32bd4652c0"

[[projects]]
  digest = "1:f1ceec83307c1bb233b011cc37c9829e0e709fec90f01e12e05119bed3434518"
  name = "github.com/vishvananda/netlink"
  packages = [
    ".",
    "nl",
  ]
  pruneopts = "UT"
  revision = "6e453822d85ef5721799774b654d4d02fed62afb"

[[projects]]
  digest = "1:809d299f01e9afe1ef55df7265a4fe6c3b96107f5834ac3e7d7efe336d5f0466"
  name = "github.com/vishvananda/netns"
  packages = ["."]
  pruneopts = "UT"
  revision = "54f0e4339ce73702a0607f49922aaa1e749b418d"

[[projects]]
  digest = "1:f18cfce8b0cb8923d70a9050b211197629cb7e27efea064b4d6d3ee472d1243e"
  name = "golang.org/x/crypto"
  packages = ["ssh/terminal"]
  pruneopts = "UT"
  revision = "d172538b2cfce0c13cee31e647d0367aa8cd2486"

[[projects]]
  digest = "1:7bcd7406893de9d36236adc3ab85563c2ec30fcd97194b6a1835e798a65edf09"
  name = "golang.org/x/sys"
  packages = ["unix"]
  pruneopts = "UT"
  revision = "076b546753157f758b316e59bcb51e6807c04057"

[solve-meta]
  analyzer-name = "dep"
  analyzer-version = 1
  input-imports = [
    "github.com/Sirupsen/logrus",
    "github.com/containernetworking/cni/pkg/skel",
    "github.com/containernetworking/cni/pkg/types",
    "github.com/containernetworking/cni/pkg/types/current",
    "github.com/containernetworking/cni/pkg/version",
    "github.com/containernetworking/plugins/pkg/ip",
    "github.com/containernetworking/plugins/pkg/ipam",
    "github.com/containernetworking/plugins/pkg/ns",
    "github.com/j-keck/arping",
    "github.com/socketplane/libovsdb",
    "github.com/vishvananda/netlink",
  ]
  solver-name = "gps-cdcl"
  solver-version = 1
